
Microsoft Visual Studio Solution File, Format Version 12.00
# Visual Studio Version 16
VisualStudioVersion = 16.0.29020.237
MinimumVisualStudioVersion = 10.0.40219.1
Project("{FAE04EC0-301F-11D3-BF4B-00C04F79EFBC}") = "Abc.Core", "Abc.Core\Abc.Core.csproj", "{A9F9A919-5AF2-43E9-93C9-61A7A2229CF7}"
EndProject
Project("{FAE04EC0-301F-11D3-BF4B-00C04F79EFBC}") = "Abc.Northwind.Business", "Abc.Northwind.Business\Abc.Northwind.Business.csproj", "{EECA231F-F0DB-4832-99A0-8E92F40D9FA7}"
EndProject
Project("{FAE04EC0-301F-11D3-BF4B-00C04F79EFBC}") = "Abc.Northwind.DataAccess", "Abc.Northwind.DataAccess\Abc.Northwind.DataAccess.csproj", "{197C3593-1384-418F-ABEC-63394D899597}"
EndProject
Project("{FAE04EC0-301F-11D3-BF4B-00C04F79EFBC}") = "Abc.Northwind.Entities", "Abc.Northwind.Entities\Abc.Northwind.Entities.csproj", "{FC27F610-55A8-4813-887E-C4FE849198C0}"
EndProject
Project("{FAE04EC0-301F-11D3-BF4B-00C04F79EFBC}") = "Abc.Northwind.MvcWebUI", "Abc.Northwind.MvcWebUI\Abc.Northwind.MvcWebUI.csproj", "{205FE424-759F-41DF-98ED-FE2117D66701}"
EndProject
Global
	GlobalSection(SolutionConfigurationPlatforms) = preSolution
		Debug|Any CPU = Debug|Any CPU
		Release|Any CPU = Release|Any CPU
	EndGlobalSection
	GlobalSection(ProjectConfigurationPlatforms) = postSolution
		{A9F9A919-5AF2-43E9-93C9-61A7A2229CF7}.Debug|Any CPU.ActiveCfg = Debug|Any CPU
		{A9F9A919-5AF2-43E9-93C9-61A7A2229CF7}.Debug|Any CPU.Build.0 = Debug|Any CPU
		{A9F9A919-5AF2-43E9-93C9-61A7A2229CF7}.Release|Any CPU.ActiveCfg = Release|Any CPU
		{A9F9A919-5AF2-43E9-93C9-61A7A2229CF7}.Release|Any CPU.Build.0 = Release|Any CPU
		{EECA231F-F0DB-4832-99A0-8E92F40D9FA7}.Debug|Any CPU.ActiveCfg = Debug|Any CPU
		{EECA231F-F0DB-4832-99A0-8E92F40D9FA7}.Debug|Any CPU.Build.0 = Debug|Any CPU
		{EECA231F-F0DB-4832-99A0-8E92F40D9FA7}.Release|Any CPU.ActiveCfg = Release|Any CPU
		{EECA231F-F0DB-4832-99A0-8E92F40D9FA7}.Release|Any CPU.Build.0 = Release|Any CPU
		{197C3593-1384-418F-ABEC-63394D899597}.Debug|Any CPU.ActiveCfg = Debug|Any CPU
		{197C3593-1384-418F-ABEC-63394D899597}.Debug|Any CPU.Build.0 = Debug|Any CPU
		{197C3593-1384-418F-ABEC-63394D899597}.Release|Any CPU.ActiveCfg = Release|Any CPU
		{197C3593-1384-418F-ABEC-63394D899597}.Release|Any CPU.Build.0 = Release|Any CPU
		{FC27F610-55A8-4813-887E-C4FE849198C0}.Debug|Any CPU.ActiveCfg = Debug|Any CPU
		{FC27F610-55A8-4813-887E-C4FE849198C0}.Debug|Any CPU.Build.0 = Debug|Any CPU
		{FC27F610-55A8-4813-887E-C4FE849198C0}.Release|Any CPU.ActiveCfg = Release|Any CPU
		{FC27F610-55A8-4813-887E-C4FE849198C0}.Release|Any CPU.Build.0 = Release|Any CPU
		{205FE424-759F-41DF-98ED-FE2117D66701}.Debug|Any CPU.ActiveCfg = Debug|Any CPU
		{205FE424-759F-41DF-98ED-FE2117D66701}.Debug|Any CPU.Build.0 = Debug|Any CPU
		{205FE424-759F-41DF-98ED-FE2117D66701}.Release|Any CPU.ActiveCfg = Release|Any CPU
		{205FE424-759F-41DF-98ED-FE2117D66701}.Release|Any CPU.Build.0 = Release|Any CPU
	EndGlobalSection
	GlobalSection(SolutionProperties) = preSolution
		HideSolutionNode = FALSE
	EndGlobalSection
	GlobalSection(ExtensibilityGlobals) = postSolution
		SolutionGuid = {D41C83EF-463B-40B2-856C-CBFAAF77D8CA}
	EndGlobalSection
EndGlobal
